{
  "projects": [
    {
      "projectId": "a1fFQhwqi4XTCQmGu8QoR6",
      "version": "latest",
      "dependencies": {},
      "lang": "ts",
      "fileLocks": [
        {
          "type": "globalVariant",
          "assetId": "Gc0-cMkxnOq2",
          "checksum": "905132c54b6e697f764183abbf05ee72"
        },
        {
          "assetId": "a1fFQhwqi4XTCQmGu8QoR6",
          "checksum": "abcfe14594c64307d20f54c2906e4682",
          "type": "projectModule"
        },
        {
          "assetId": "a1fFQhwqi4XTCQmGu8QoR6",
          "checksum": "34991c172f7fa0bcdb69a71e725fa5a3",
          "type": "styleTokensProvider"
        },
        {
          "type": "renderModule",
          "assetId": "GZULHOPx40Ly",
          "checksum": "5a0f9f231b4849369afd80a871a02f5f"
        },
        {
          "type": "cssRules",
          "assetId": "GZULHOPx40Ly",
          "checksum": "5a0f9f231b4849369afd80a871a02f5f"
        },
        {
          "type": "renderModule",
          "assetId": "r24vnAeLYkYV",
          "checksum": "5a362b6c280413550d94c7222238863d"
        },
        {
          "type": "cssRules",
          "assetId": "r24vnAeLYkYV",
          "checksum": "5a362b6c280413550d94c7222238863d"
        },
        {
          "type": "renderModule",
          "assetId": "Unvo_VN2sLgt",
          "checksum": "9c72468afa1d4b321530df540a79b248"
        },
        {
          "type": "cssRules",
          "assetId": "Unvo_VN2sLgt",
          "checksum": "9c72468afa1d4b321530df540a79b248"
        },
        {
          "type": "renderModule",
          "assetId": "94q9n4Vyej7p",
          "checksum": "35c8319ee3d6f560debb273b855495fe"
        },
        {
          "type": "cssRules",
          "assetId": "94q9n4Vyej7p",
          "checksum": "35c8319ee3d6f560debb273b855495fe"
        },
        {
          "type": "renderModule",
          "assetId": "mzzSfoGytsXP",
          "checksum": "64b2ca4845988f5a424e8536729ad7d3"
        },
        {
          "type": "cssRules",
          "assetId": "mzzSfoGytsXP",
          "checksum": "64b2ca4845988f5a424e8536729ad7d3"
        },
        {
          "type": "renderModule",
          "assetId": "hMLhqYxg1-pc",
          "checksum": "b0952ec8446e5cbd9c1e71697c9e05f3"
        },
        {
          "type": "cssRules",
          "assetId": "hMLhqYxg1-pc",
          "checksum": "b0952ec8446e5cbd9c1e71697c9e05f3"
        },
        {
          "type": "icon",
          "assetId": "KCPaAnf7zL3Q",
          "checksum": "dd5c8cdfd24ae15b7518b2f94728206e"
        },
        {
          "type": "icon",
          "assetId": "FECicJOiW3or",
          "checksum": "5234d169b0a60a256b23463c346d4b4d"
        },
        {
          "type": "icon",
          "assetId": "rW607qFvM2zf",
          "checksum": "eacf3f81f940cc4fe2e3f2a819c8aff3"
        },
        {
          "type": "icon",
          "assetId": "weeApGdrXhII",
          "checksum": "77c3773cdb9fbbb4a6bfc6102566bfd9"
        },
        {
          "type": "icon",
          "assetId": "JxeaX-l3zJ-R",
          "checksum": "f5073abf198135a66dad85a73bf4ae49"
        },
        {
          "type": "icon",
          "assetId": "mDFteE_3THC0",
          "checksum": "b388a052a45785eabdfd43da630e0928"
        },
        {
          "type": "icon",
          "assetId": "H-8-eINYX2Yf",
          "checksum": "b4dc7f3dcc1d75354b17bdbb3f0e770f"
        },
        {
          "type": "icon",
          "assetId": "H0Lbc8IOpkCR",
          "checksum": "26739893f125ed5c45436acf167df548"
        },
        {
          "type": "icon",
          "assetId": "KPX08GA9eIfF",
          "checksum": "8bd98489314a3401df0af165e71f5515"
        },
        {
          "type": "icon",
          "assetId": "GnTTSkzAe8dr",
          "checksum": "6d20c75de5463dc721531e99204a8996"
        },
        {
          "type": "icon",
          "assetId": "nXG2RcXRccgi",
          "checksum": "7f4f259d5b44c0b8574567d0f80ca159"
        },
        {
          "type": "icon",
          "assetId": "bo908g2oMBk0",
          "checksum": "6842959613d63ca9e3eeaadacdc613e6"
        },
        {
          "type": "icon",
          "assetId": "_gadl8MHpgMn",
          "checksum": "5e697c78d8782759dab549eb5773f043"
        },
        {
          "type": "icon",
          "assetId": "SZskjvOFwb2r",
          "checksum": "22fa0ead9c4fb6a993e30f4db4355175"
        },
        {
          "assetId": "a1fFQhwqi4XTCQmGu8QoR6",
          "type": "projectCss",
          "checksum": "037e2ceb52d47e3427badee0049ab3f2"
        }
      ],
      "codegenVersion": "0.0.2"
    }
  ],
  "cliVersion": "0.1.355"
}
