{
  "projects": [
    {
      "projectId": "a1fFQhwqi4XTCQmGu8QoR6",
      "version": "latest",
      "dependencies": {},
      "lang": "ts",
      "fileLocks": [
        {
          "type": "globalVariant",
          "assetId": "Gc0-cMkxnOq2",
          "checksum": "905132c54b6e697f764183abbf05ee72"
        },
        {
          "assetId": "a1fFQhwqi4XTCQmGu8QoR6",
          "type": "projectCss",
          "checksum": "037e2ceb52d47e3427badee0049ab3f2"
        },
        {
          "assetId": "a1fFQhwqi4XTCQmGu8QoR6",
          "checksum": "abcfe14594c64307d20f54c2906e4682",
          "type": "projectModule"
        },
        {
          "assetId": "a1fFQhwqi4XTCQmGu8QoR6",
          "checksum": "34991c172f7fa0bcdb69a71e725fa5a3",
          "type": "styleTokensProvider"
        },
        {
          "type": "renderModule",
          "assetId": "GZULHOPx40Ly",
          "checksum": "057a03e90ece0a7a01e543ec00d380af"
        },
        {
          "type": "cssRules",
          "assetId": "GZULHOPx40Ly",
          "checksum": "057a03e90ece0a7a01e543ec00d380af"
        },
        {
          "type": "renderModule",
          "assetId": "r24vnAeLYkYV",
          "checksum": "5a362b6c280413550d94c7222238863d"
        },
        {
          "type": "cssRules",
          "assetId": "r24vnAeLYkYV",
          "checksum": "5a362b6c280413550d94c7222238863d"
        },
        {
          "type": "renderModule",
          "assetId": "Unvo_VN2sLgt",
          "checksum": "d7cf711d0deca5224f59f2944406951e"
        },
        {
          "type": "cssRules",
          "assetId": "Unvo_VN2sLgt",
          "checksum": "d7cf711d0deca5224f59f2944406951e"
        },
        {
          "type": "renderModule",
          "assetId": "94q9n4Vyej7p",
          "checksum": "35c8319ee3d6f560debb273b855495fe"
        },
        {
          "type": "cssRules",
          "assetId": "94q9n4Vyej7p",
          "checksum": "35c8319ee3d6f560debb273b855495fe"
        },
        {
          "type": "renderModule",
          "assetId": "mzzSfoGytsXP",
          "checksum": "6d41f7448803d86d6b9615251b53214d"
        },
        {
          "type": "cssRules",
          "assetId": "mzzSfoGytsXP",
          "checksum": "6d41f7448803d86d6b9615251b53214d"
        },
        {
          "type": "renderModule",
          "assetId": "hMLhqYxg1-pc",
          "checksum": "7233d7bff93d4bec988424d4f91649c1"
        },
        {
          "type": "cssRules",
          "assetId": "hMLhqYxg1-pc",
          "checksum": "7233d7bff93d4bec988424d4f91649c1"
        },
        {
          "type": "icon",
          "assetId": "KCPaAnf7zL3Q",
          "checksum": "dd5c8cdfd24ae15b7518b2f94728206e"
        },
        {
          "type": "icon",
          "assetId": "FECicJOiW3or",
          "checksum": "5234d169b0a60a256b23463c346d4b4d"
        },
        {
          "type": "icon",
          "assetId": "rW607qFvM2zf",
          "checksum": "eacf3f81f940cc4fe2e3f2a819c8aff3"
        },
        {
          "type": "icon",
          "assetId": "weeApGdrXhII",
          "checksum": "77c3773cdb9fbbb4a6bfc6102566bfd9"
        },
        {
          "type": "icon",
          "assetId": "JxeaX-l3zJ-R",
          "checksum": "f5073abf198135a66dad85a73bf4ae49"
        },
        {
          "type": "icon",
          "assetId": "mDFteE_3THC0",
          "checksum": "b388a052a45785eabdfd43da630e0928"
        },
        {
          "type": "icon",
          "assetId": "H-8-eINYX2Yf",
          "checksum": "b4dc7f3dcc1d75354b17bdbb3f0e770f"
        },
        {
          "type": "icon",
          "assetId": "H0Lbc8IOpkCR",
          "checksum": "26739893f125ed5c45436acf167df548"
        },
        {
          "type": "icon",
          "assetId": "KPX08GA9eIfF",
          "checksum": "8bd98489314a3401df0af165e71f5515"
        },
        {
          "type": "icon",
          "assetId": "GnTTSkzAe8dr",
          "checksum": "6d20c75de5463dc721531e99204a8996"
        },
        {
          "type": "icon",
          "assetId": "nXG2RcXRccgi",
          "checksum": "7f4f259d5b44c0b8574567d0f80ca159"
        },
        {
          "type": "icon",
          "assetId": "bo908g2oMBk0",
          "checksum": "6842959613d63ca9e3eeaadacdc613e6"
        },
        {
          "type": "icon",
          "assetId": "_gadl8MHpgMn",
          "checksum": "5e697c78d8782759dab549eb5773f043"
        },
        {
          "type": "icon",
          "assetId": "SZskjvOFwb2r",
          "checksum": "22fa0ead9c4fb6a993e30f4db4355175"
        },
        {
          "type": "image",
          "assetId": "A1CQqprE391t",
          "checksum": "e8f306ff398398196e5384d74895adb5"
        },
        {
          "type": "image",
          "assetId": "_VOOlEmyYLdN",
          "checksum": "24934bae635b09905147bde6e5ef36c2"
        },
        {
          "type": "image",
          "assetId": "ZCD14u0a3naj",
          "checksum": "22ab6b955be8b81ebdaa64e6d9ebc7d6"
        },
        {
          "type": "image",
          "assetId": "EB4QnRdwHXPU",
          "checksum": "df1165b81266b2d0ddbe2b52996a7365"
        },
        {
          "type": "image",
          "assetId": "Xt9-MugO6YQi",
          "checksum": "656957946f4bd437e113c37b5ea996a8"
        },
        {
          "type": "image",
          "assetId": "P4PI_iDjyLDp",
          "checksum": "cdf4a00a9081c9af668f495ad4bcc3d2"
        },
        {
          "type": "image",
          "assetId": "TiTsHFKYmBVg",
          "checksum": "90ed5b2cb29bbe713ba86a490266945d"
        },
        {
          "type": "image",
          "assetId": "mAEUT0BVNW-X",
          "checksum": "c80181ff21ef00ffa2fec06ca0c945f1"
        },
        {
          "type": "image",
          "assetId": "TghFp25-nUR2",
          "checksum": "86a148b2e568c08611d28aad0288b312"
        },
        {
          "type": "image",
          "assetId": "FOURntCSrCrv",
          "checksum": "dd8522f78e1fc074cdf82823ae2341e6"
        },
        {
          "type": "image",
          "assetId": "CoDKqqHh3axv",
          "checksum": "8a2164b3a29c3c87d95b78498573786a"
        },
        {
          "type": "image",
          "assetId": "bY7aeZU_vlV2",
          "checksum": "eb8331d6e4a968780a725298b25e2fcf"
        },
        {
          "type": "image",
          "assetId": "xc0TxtphBBDR",
          "checksum": "6168393b744db8f979679a2489cc89f9"
        },
        {
          "type": "image",
          "assetId": "hCZFk7DLCCZI",
          "checksum": "b7174c7ec3926d601c5aec13abd8e05b"
        },
        {
          "type": "image",
          "assetId": "PkHg_fAVk6TJ",
          "checksum": "fd36bda2ebb22827a954845108c9c6f4"
        },
        {
          "type": "image",
          "assetId": "8xv3Bt5UGkO0",
          "checksum": "9eb37023feb50552178ce481d6e95242"
        },
        {
          "type": "image",
          "assetId": "PstJicSmkMvY",
          "checksum": "fd14c0ca74bf5501b3b585ca794f598e"
        },
        {
          "type": "image",
          "assetId": "uT6Czr4T02G2",
          "checksum": "fafef9910674ad51df10ad22af6c3301"
        },
        {
          "type": "image",
          "assetId": "TxViCcitDR1e",
          "checksum": "e0715356ed7ec87a75b31bf3424b7d72"
        },
        {
          "type": "image",
          "assetId": "-1v0noOGYF_N",
          "checksum": "cd1e0d6593c496b2a719bc2950981149"
        },
        {
          "type": "image",
          "assetId": "KfvqOI9admON",
          "checksum": "b0eb06394a99809200fb5fd6f360d3ad"
        },
        {
          "type": "image",
          "assetId": "hOL8v5WEIq-u",
          "checksum": "3a193bc847628b9e2fc49360b6b6074f"
        }
      ],
      "codegenVersion": "0.0.2"
    }
  ],
  "cliVersion": "0.1.355"
}
